github.com/cpuguy83/go-md2man/v2 v2.0.2/go.mod h1:tgQtvFlXSQOSOSIRvRPT7W67SCa46tRHOmNcaadrF8o=
github.com/davecgh/go-spew v1.1.0 h1:ZDRjVQ15GmhC3fiQ8ni8+OwkZQO4DARzQgrnXU1Liz8=
github.com/davecgh/go-spew v1.1.0/go.mod h1:J7Y8YcW2NihsgmVo/mv3lAwl/skON4iLHjSsI+c5H38=
github.com/gomodule/redigo v1.8.8 h1:f6cXq6RRfiyrOJEV7p3JhLDlmawGBVBBP1MggY8Mo4E=
github.com/gomodule/redigo v1.8.8/go.mod h1:7ArFNvsTjH8GMMzB4uy1snslv2BwmginuMs06a1uzZE=
github.com/gomodule/redigo v1.8.9 h1:Sl3u+2BI/kk+VEatbj0scLdrFhjPmbxOc1myhDP41ws=
github.com/gomodule/redigo v1.8.9/go.mod h1:7ArFNvsTjH8GMMzB4uy1snslv2BwmginuMs06a1uzZE=
github.com/inconshreveable/mousetrap v1.0.0 h1:Z8tu5sraLXCXIcARxBp/8cbvlwVa7Z1NHg9XEKhtSvM=
github.com/inconshreveable/mousetrap v1.0.0/go.mod h1:PxqpIevigyE2G7u3NXJIT2ANytuPF1OarO4DADm73n8=
github.com/pmezard/go-difflib v1.0.0 h1:4DBwDE0NGyQoBHbLQYPwSUPoCMWR5BEzIk/f1lZbAQM=
github.com/pmezard/go-difflib v1.0.0/go.mod h1:iKH77koFhYxTK1pcRnkKkqfTogsbg7gZNVY4sRDYZ/4=
github.com/russross/blackfriday/v2 v2.1.0/go.mod h1:+Rmxgy9KzJVeS9/2gXHxylqXiyQDYRxCVz55jmeOWTM=
github.com/spf13/cobra v1.5.0 h1:X+jTBEBqF0bHN+9cSMgmfuvv2VHJ9ezmFNf9Y/XstYU=
github.com/spf13/cobra v1.5.0/go.mod h1:dWXEIy2H428czQCjInthrTRUg7yKbok+2Qi/yBIJoUM=
github.com/spf13/pflag v1.0.5 h1:iy+VFUOCP1a+8yFto/drg2CJ5u0yRoB7fZw3DKv/JXA=
github.com/spf13/pflag v1.0.5/go.mod h1:McXfInJRrz4CZXVZOBLb0bTZqETkiAhM9Iw0y3An2Bg=
github.com/stephenhu/stats v0.0.0-20220624024202-29e0833dcac8 h1:Z+atiImMWgI+5pK2umG2usr5JTZPskOssbZmaHK0ynI=
github.com/stephenhu/stats v0.0.0-20220624024202-29e0833dcac8/go.mod h1:eiDJVBJiFFEBbeFFrS9kBJSIbzsJp5daHI5+Cx9iW8M=
github.com/stephenhu/stats v0.0.0-20220624031940-a745fd74a8db h1:SVsspYxOHMWUbkzVpB3XhejEn85rYoTbpjoh4KtienU=
github.com/stephenhu/stats v0.0.0-20220624031940-a745fd74a8db/go.mod h1:eiDJVBJiFFEBbeFFrS9kBJSIbzsJp5daHI5+Cx9iW8M=
github.com/stephenhu/stats v0.0.0-20220624073127-4715b2b578c1 h1:bp7bhmfauRxf9nqI80v4//AMEEA+WicT8PdAi0SSksg=
github.com/stephenhu/stats v0.0.0-20220624073127-4715b2b578c1/go.mod h1:eiDJVBJiFFEBbeFFrS9kBJSIbzsJp5daHI5+Cx9iW8M=
github.com/stephenhu/stats v0.0.0-20220624095845-b4334b2e200a h1:ClZevDgCwdWStfSSEEePqZE291mQXBkIOwN+tTBsNwU=
github.com/stephenhu/stats v0.0.0-20220624095845-b4334b2e200a/go.mod h1:eiDJVBJiFFEBbeFFrS9kBJSIbzsJp5daHI5+Cx9iW8M=
github.com/stephenhu/stats v0.0.0-20220624130346-163a96e4f583 h1:5ny0RJztneZ7hS+YNDs6zsEIHE1O8MkLYvu5VwDBxxU=
github.com/stephenhu/stats v0.0.0-20220624130346-163a96e4f583/go.mod h1:eiDJVBJiFFEBbeFFrS9kBJSIbzsJp5daHI5+Cx9iW8M=
github.com/stephenhu/stats v0.0.0-20220624140109-a67d99989010 h1:hWyd8JZw/aKXWlcmqSSgyMMiwn+4cmGD/NdXWqTcbKU=
github.com/stephenhu/stats v0.0.0-20220624140109-a67d99989010/go.mod h1:eiDJVBJiFFEBbeFFrS9kBJSIbzsJp5daHI5+Cx9iW8M=
github.com/stephenhu/stats v0.0.0-20220703140835-31b25c6f900c h1:f7O37+pAoXbXL1AzU+XXvRDn1jxp21o8HgrMs/BDljY=
github.com/stephenhu/stats v0.0.0-20220703140835-31b25c6f900c/go.mod h1:eiDJVBJiFFEBbeFFrS9kBJSIbzsJp5daHI5+Cx9iW8M=
github.com/stephenhu/stats v0.0.0-20220717094314-3bc71f923e27 h1:cmY04fJDGZnP0hiSgn8f5eCuStCDWeOA1WGDpqBzZ/w=
github.com/stephenhu/stats v0.0.0-20220717094314-3bc71f923e27/go.mod h1:eiDJVBJiFFEBbeFFrS9kBJSIbzsJp5daHI5+Cx9iW8M=
github.com/stephenhu/stats v0.0.0-20220717101624-bda74bc18e16 h1:7lbyIBYfl5nllRcgscVJPAkwPUMMIxskxu80Sbp8YqY=
github.com/stephenhu/stats v0.0.0-20220717101624-bda74bc18e16/go.mod h1:eiDJVBJiFFEBbeFFrS9kBJSIbzsJp5daHI5+Cx9iW8M=
github.com/stretchr/objx v0.1.0/go.mod h1:HFkY916IF+rwdDfMAkV7OtwuqBVzrE8GR6GFx+wExME=
github.com/stretchr/testify v1.7.0 h1:nwc3DEeHmmLAfoZucVR881uASk0Mfjw8xYJ99tb5CcY=
github.com/stretchr/testify v1.7.0/go.mod h1:6Fq8oRcR53rry900zMqJjRRixrwX3KX962/h/Wwjteg=
gopkg.in/check.v1 v0.0.0-20161208181325-20d25e280405/go.mod h1:Co6ibVJAznAaIkqp8huTwlJQCZ016jof/cbN4VW5Yz0=
gopkg.in/yaml.v2 v2.4.0/go.mod h1:RDklbk79AGWmwhnvt/jBztapEOGDOx6ZbXqjP6csGnQ=
gopkg.in/yaml.v3 v3.0.0-20200313102051-9f266ea9e77c h1:dUUwHk2QECo/6vqA44rthZ8ie2QXMNeKRTHCNY2nXvo=
gopkg.in/yaml.v3 v3.0.0-20200313102051-9f266ea9e77c/go.mod h1:K4uyk7z7BCEPqu6E+C64Yfv1cQ7kz7rIZviUmN+EgEM=
